{
  "name": "opensec-npm-v3-fixture",
  "version": "1.0.0",
  "lockfileVersion": 3,
  "requires": true,
  "packages": {
    "": {
      "name": "opensec-npm-v3-fixture",
      "version": "1.0.0",
      "dependencies": {
        "lodash": "4.17.20",
        "braces": "3.0.2"
      }
    },
    "node_modules/lodash": {
      "version": "4.17.20",
      "resolved": "https://registry.npmjs.org/lodash/-/lodash-4.17.20.tgz"
    },
    "node_modules/braces": {
      "version": "3.0.2",
      "resolved": "https://registry.npmjs.org/braces/-/braces-3.0.2.tgz",
      "dependencies": {
        "fill-range": "^7.0.1"
      }
    },
    "node_modules/fill-range": {
      "version": "7.0.1",
      "resolved": "https://registry.npmjs.org/fill-range/-/fill-range-7.0.1.tgz"
    },
    "node_modules/to-regex-range": {
      "version": "5.0.1",
      "resolved": "https://registry.npmjs.org/to-regex-range/-/to-regex-range-5.0.1.tgz"
    },
    "node_modules/missing-version-entry": {
      "resolved": "https://registry.npmjs.org/missing-version-entry/-/missing-version-entry-0.0.0.tgz"
    }
  }
}
